
Microsoft Visual Studio Solution File, Format Version 12.00
# Visual Studio Version 16
VisualStudioVersion = 16.0.28803.156
MinimumVisualStudioVersion = 10.0.40219.1
Project("{8BC9CEB8-8B4A-11D0-8D11-00A0C91BC942}") = "Merge Sort II", "Merge Sort II.vcxproj", "{9BC9A5CD-5183-4912-B895-A7814B8E8754}"
EndProject
Global
	GlobalSection(SolutionConfigurationPlatforms) = preSolution
		Debug|x64 = Debug|x64
		Debug|x86 = Debug|x86
		Release|x64 = Release|x64
		Release|x86 = Release|x86
	EndGlobalSection
	GlobalSection(ProjectConfigurationPlatforms) = postSolution
		{9BC9A5CD-5183-4912-B895-A7814B8E8754}.Debug|x64.ActiveCfg = Debug|x64
		{9BC9A5CD-5183-4912-B895-A7814B8E8754}.Debug|x64.Build.0 = Debug|x64
		{9BC9A5CD-5183-4912-B895-A7814B8E8754}.Debug|x86.ActiveCfg = Debug|Win32
		{9BC9A5CD-5183-4912-B895-A7814B8E8754}.Debug|x86.Build.0 = Debug|Win32
		{9BC9A5CD-5183-4912-B895-A7814B8E8754}.Release|x64.ActiveCfg = Release|x64
		{9BC9A5CD-5183-4912-B895-A7814B8E8754}.Release|x64.Build.0 = Release|x64
		{9BC9A5CD-5183-4912-B895-A7814B8E8754}.Release|x86.ActiveCfg = Release|Win32
		{9BC9A5CD-5183-4912-B895-A7814B8E8754}.Release|x86.Build.0 = Release|Win32
	EndGlobalSection
	GlobalSection(SolutionProperties) = preSolution
		HideSolutionNode = FALSE
	EndGlobalSection
	GlobalSection(ExtensibilityGlobals) = postSolution
		SolutionGuid = {D82B75EB-07EB-4E4B-8D46-D8DC8BCF1222}
	EndGlobalSection
EndGlobal
