
Microsoft Visual Studio Solution File, Format Version 12.00
# Visual Studio Version 16
VisualStudioVersion = 16.0.28803.156
MinimumVisualStudioVersion = 10.0.40219.1
Project("{8BC9CEB8-8B4A-11D0-8D11-00A0C91BC942}") = "Quick Sort", "Quick Sort.vcxproj", "{CDCCFD72-E1CF-4EA9-B113-BA53776F6A7E}"
EndProject
Global
	GlobalSection(SolutionConfigurationPlatforms) = preSolution
		Debug|x64 = Debug|x64
		Debug|x86 = Debug|x86
		Release|x64 = Release|x64
		Release|x86 = Release|x86
	EndGlobalSection
	GlobalSection(ProjectConfigurationPlatforms) = postSolution
		{CDCCFD72-E1CF-4EA9-B113-BA53776F6A7E}.Debug|x64.ActiveCfg = Debug|x64
		{CDCCFD72-E1CF-4EA9-B113-BA53776F6A7E}.Debug|x64.Build.0 = Debug|x64
		{CDCCFD72-E1CF-4EA9-B113-BA53776F6A7E}.Debug|x86.ActiveCfg = Debug|Win32
		{CDCCFD72-E1CF-4EA9-B113-BA53776F6A7E}.Debug|x86.Build.0 = Debug|Win32
		{CDCCFD72-E1CF-4EA9-B113-BA53776F6A7E}.Release|x64.ActiveCfg = Release|x64
		{CDCCFD72-E1CF-4EA9-B113-BA53776F6A7E}.Release|x64.Build.0 = Release|x64
		{CDCCFD72-E1CF-4EA9-B113-BA53776F6A7E}.Release|x86.ActiveCfg = Release|Win32
		{CDCCFD72-E1CF-4EA9-B113-BA53776F6A7E}.Release|x86.Build.0 = Release|Win32
	EndGlobalSection
	GlobalSection(SolutionProperties) = preSolution
		HideSolutionNode = FALSE
	EndGlobalSection
	GlobalSection(ExtensibilityGlobals) = postSolution
		SolutionGuid = {F311E2E1-5F5B-41C3-BF14-E453C9AC0B22}
	EndGlobalSection
EndGlobal
